// !$*UTF8*$!
{
	archiveVersion = 1;
	classes = {
	};
	objectVersion = 46;
	objects = {

/* Begin PBXBuildFile section */
		41652F0A1B2059B000149125 /* AppDelegate.swift in Sources */ = {isa = PBXBuildFile; fileRef = 41652F091B2059B000149125 /* AppDelegate.swift */; };
		41652F0C1B2059B000149125 /* ViewController.swift in Sources */ = {isa = PBXBuildFile; fileRef = 41652F0B1B2059B000149125 /* ViewController.swift */; };
		41652F0F1B2059B000149125 /* Main.storyboard in Resources */ = {isa = PBXBuildFile; fileRef = 41652F0D1B2059B000149125 /* Main.storyboard */; };
		41652F111B2059B000149125 /* Images.xcassets in Resources */ = {isa = PBXBuildFile; fileRef = 41652F101B2059B000149125 /* Images.xcassets */; };
		41652F141B2059B000149125 /* LaunchScreen.xib in Resources */ = {isa = PBXBuildFile; fileRef = 41652F121B2059B000149125 /* LaunchScreen.xib */; };
		41652F201B2059B000149125 /* SwiftDemoTests.swift in Sources */ = {isa = PBXBuildFile; fileRef = 41652F1F1B2059B000149125 /* SwiftDemoTests.swift */; };
/* End PBXBuildFile section */

/* Begin PBXContainerItemProxy section */
		41652F1A1B2059B000149125 /* PBXContainerItemProxy */ = {
			isa = PBXContainerItemProxy;
			containerPortal = 41652EFC1B2059AF00149125 /* Project object */;
			proxyType = 1;
			remoteGlobalIDString = 41652F031B2059AF00149125;
			remoteInfo = SwiftDemo;
		};
/* End PBXContainerItemProxy section */

/* Begin PBXFileReference section */
		41652F041B2059B000149125 /* SwiftDemo.app */ = {isa = PBXFileReference; explicitFileType = wrapper.application; includeInIndex = 0; path = SwiftDemo.app; sourceTree = BUILT_PRODUCTS_DIR; };
		41652F081B2059B000149125 /* Info.plist */ = {isa = PBXFileReference; lastKnownFileType = text.plist.xml; path = Info.plist; sourceTree = "<group>"; };
		41652F091B2059B000149125 /* AppDelegate.swift */ = {isa = PBXFileReference; lastKnownFileType = sourcecode.swift; path = AppDelegate.swift; sourceTree = "<group>"; };
		41652F0B1B2059B000149125 /* ViewController.swift */ = {isa = PBXFileReference; lastKnownFileType = sourcecode.swift; path = ViewController.swift; sourceTree = "<group>"; };
		41652F0E1B2059B000149125 /* Base */ = {isa = PBXFileReference; lastKnownFileType = file.storyboard; name = Base; path = Base.lproj/Main.storyboard; sourceTree = "<group>"; };
		41652F101B2059B000149125 /* Images.xcassets */ = {isa = PBXFileReference; lastKnownFileType = folder.assetcatalog; path = Images.xcassets; sourceTree = "<group>"; };
		41652F131B2059B000149125 /* Base */ = {isa = PBXFileReference; lastKnownFileType = file.xib; name = Base; path = Base.lproj/LaunchScreen.xib; sourceTree = "<group>"; };
		41652F191B2059B000149125 /* SwiftDemoTests.xctest */ = {isa = PBXFileReference; explicitFileType = wrapper.cfbundle; includeInIndex = 0; path = SwiftDemoTests.xctest; sourceTree = BUILT_PRODUCTS_DIR; };
		41652F1E1B2059B000149125 /* Info.plist */ = {isa = PBXFileReference; lastKnownFileType = text.plist.xml; path = Info.plist; sourceTree = "<group>"; };
		41652F1F1B2059B000149125 /* SwiftDemoTests.swift */ = {isa = PBXFileReference; lastKnownFileType = sourcecode.swift; path = SwiftDemoTests.swift; sourceTree = "<group>"; };
/* End PBXFileReference section */

/* Begin PBXFrameworksBuildPhase section */
		41652F011B2059AF00149125 /* Frameworks */ = {
			isa = PBXFrameworksBuildPhase;
			buildActionMask = 2147483647;
			files = (
			);
			runOnlyForDeploymentPostprocessing = 0;
		};
		41652F161B2059B000149125 /* Frameworks */ = {
			isa = PBXFrameworksBuildPhase;
			buildActionMask = 2147483647;
			files = (
			);
			runOnlyForDeploymentPostprocessing = 0;
		};
/* End PBXFrameworksBuildPhase section */

/* Begin PBXGroup section */
		41652EFB1B2059AF00149125 = {
			isa = PBXGroup;
			children = (
				41652F061B2059B000149125 /* SwiftDemo */,
				41652F1C1B2059B000149125 /* SwiftDemoTests */,
				41652F051B2059B000149125 /* Products */,
			);
			sourceTree = "<group>";
		};
		41652F051B2059B000149125 /* Products */ = {
			isa = PBXGroup;
			children = (
				41652F041B2059B000149125 /* SwiftDemo.app */,
				41652F191B2059B000149125 /* SwiftDemoTests.xctest */,
			);
			name = Products;
			sourceTree = "<group>";
		};
		41652F061B2059B000149125 /* SwiftDemo */ = {
			isa = PBXGroup;
			children = (
				41652F091B2059B000149125 /* AppDelegate.swift */,
				41652F0B1B2059B000149125 /* ViewController.swift */,
				41652F0D1B2059B000149125 /* Main.storyboard */,
				41652F101B2059B000149125 /* Images.xcassets */,
				41652F121B2059B000149125 /* LaunchScreen.xib */,
				41652F071B2059B000149125 /* Supporting Files */,
			);
			path = SwiftDemo;
			sourceTree = "<group>";
		};
		41652F071B2059B000149125 /* Supporting Files */ = {
			isa = PBXGroup;
			children = (
				41652F081B2059B000149125 /* Info.plist */,
			);
			name = "Supporting Files";
			sourceTree = "<group>";
		};
		41652F1C1B2059B000149125 /* SwiftDemoTests */ = {
			isa = PBXGroup;
			children = (
				41652F1F1B2059B000149125 /* SwiftDemoTests.swift */,
				41652F1D1B2059B000149125 /* Supporting Files */,
			);
			path = SwiftDemoTests;
			sourceTree = "<group>";
		};
		41652F1D1B2059B000149125 /* Supporting Files */ = {
			isa = PBXGroup;
			children = (
				41652F1E1B2059B000149125 /* Info.plist */,
			);
			name = "Supporting Files";
			sourceTree = "<group>";
		};
/* End PBXGroup section */

/* Begin PBXNativeTarget section */
		41652F031B2059AF00149125 /* SwiftDemo */ = {
			isa = PBXNativeTarget;
			buildConfigurationList = 41652F231B2059B000149125 /* Build configuration list for PBXNativeTarget "SwiftDemo" */;
			buildPhases = (
				41652F001B2059AF00149125 /* Sources */,
				41652F011B2059AF00149125 /* Frameworks */,
				41652F021B2059AF00149125 /* Resources */,
			);
			buildRules = (
			);
			dependencies = (
			);
			name = SwiftDemo;
			productName = SwiftDemo;
			productReference = 41652F041B2059B000149125 /* SwiftDemo.app */;
			productType = "com.apple.product-type.application";
		};
		41652F181B2059B000149125 /* SwiftDemoTests */ = {
			isa = PBXNativeTarget;
			buildConfigurationList = 41652F261B2059B000149125 /* Build configuration list for PBXNativeTarget "SwiftDemoTests" */;
			buildPhases = (
				41652F151B2059B000149125 /* Sources */,
				41652F161B2059B000149125 /* Frameworks */,
				41652F171B2059B000149125 /* Resources */,
			);
			buildRules = (
			);
			dependencies = (
				41652F1B1B2059B000149125 /* PBXTargetDependency */,
			);
			name = SwiftDemoTests;
			productName = SwiftDemoTests;
			productReference = 41652F191B2059B000149125 /* SwiftDemoTests.xctest */;
			productType = "com.apple.product-type.bundle.unit-test";
		};
/* End PBXNativeTarget section */

/* Begin PBXProject section */
		41652EFC1B2059AF00149125 /* Project object */ = {
			isa = PBXProject;
			attributes = {
				LastUpgradeCheck = 0630;
				ORGANIZATIONNAME = Goalsr;
				TargetAttributes = {
					41652F031B2059AF00149125 = {
						CreatedOnToolsVersion = 6.3.2;
					};
					41652F181B2059B000149125 = {
						CreatedOnToolsVersion = 6.3.2;
						TestTargetID = 41652F031B2059AF00149125;
					};
				};
			};
			buildConfigurationList = 41652EFF1B2059AF00149125 /* Build configuration list for PBXProject "SwiftDemo" */;
			compatibilityVersion = "Xcode 3.2";
			developmentRegion = English;
			hasScannedForEncodings = 0;
			knownRegions = (
				en,
				Base,
			);
			mainGroup = 41652EFB1B2059AF00149125;
			productRefGroup = 41652F051B2059B000149125 /* Products */;
			projectDirPath = "";
			projectRoot = "";
			targets = (
				41652F031B2059AF00149125 /* SwiftDemo */,
				41652F181B2059B000149125 /* SwiftDemoTests */,
			);
		};
/* End PBXProject section */

/* Begin PBXResourcesBuildPhase section */
		41652F021B2059AF00149125 /* Resources */ = {
			isa = PBXResourcesBuildPhase;
			buildActionMask = 2147483647;
			files = (
				41652F0F1B2059B000149125 /* Main.storyboard in Resources */,
				41652F141B2059B000149125 /* LaunchScreen.xib in Resources */,
				41652F111B2059B000149125 /* Images.xcassets in Resources */,
			);
			runOnlyForDeploymentPostprocessing = 0;
		};
		41652F171B2059B000149125 /* Resources */ = {
			isa = PBXResourcesBuildPhase;
			buildActionMask = 2147483647;
			files = (
			);
			runOnlyForDeploymentPostprocessing = 0;
		};
/* End PBXResourcesBuildPhase section */

/* Begin PBXSourcesBuildPhase section */
		41652F001B2059AF00149125 /* Sources */ = {
			isa = PBXSourcesBuildPhase;
			buildActionMask = 2147483647;
			files = (
				41652F0C1B2059B000149125 /* ViewController.swift in Sources */,
				41652F0A1B2059B000149125 /* AppDelegate.swift in Sources */,
			);
			runOnlyForDeploymentPostprocessing = 0;
		};
		41652F151B2059B000149125 /* Sources */ = {
			isa = PBXSourcesBuildPhase;
			buildActionMask = 2147483647;
			files = (
				41652F201B2059B000149125 /* SwiftDemoTests.swift in Sources */,
			);
			runOnlyForDeploymentPostprocessing = 0;
		};
/* End PBXSourcesBuildPhase section */

/* Begin PBXTargetDependency section */
		41652F1B1B2059B000149125 /* PBXTargetDependency */ = {
			isa = PBXTargetDependency;
			target = 41652F031B2059AF00149125 /* SwiftDemo */;
			targetProxy = 41652F1A1B2059B000149125 /* PBXContainerItemProxy */;
		};
/* End PBXTargetDependency section */

/* Begin PBXVariantGroup section */
		41652F0D1B2059B000149125 /* Main.storyboard */ = {
			isa = PBXVariantGroup;
			children = (
				41652F0E1B2059B000149125 /* Base */,
			);
			name = Main.storyboard;
			sourceTree = "<group>";
		};
		41652F121B2059B000149125 /* LaunchScreen.xib */ = {
			isa = PBXVariantGroup;
			children = (
				41652F131B2059B000149125 /* Base */,
			);
			name = LaunchScreen.xib;
			sourceTree = "<group>";
		};
/* End PBXVariantGroup section */

/* Begin XCBuildConfiguration section */
		41652F211B2059B000149125 /* Debug */ = {
			isa = XCBuildConfiguration;
			buildSettings = {
				ALWAYS_SEARCH_USER_PATHS = NO;
				CLANG_CXX_LANGUAGE_STANDARD = "gnu++0x";
				CLANG_CXX_LIBRARY = "libc++";
				CLANG_ENABLE_MODULES = YES;
				CLANG_ENABLE_OBJC_ARC = YES;
				CLANG_WARN_BOOL_CONVERSION = YES;
				CLANG_WARN_CONSTANT_CONVERSION = YES;
				CLANG_WARN_DIRECT_OBJC_ISA_USAGE = YES_ERROR;
				CLANG_WARN_EMPTY_BODY = YES;
				CLANG_WARN_ENUM_CONVERSION = YES;
				CLANG_WARN_INT_CONVERSION = YES;
				CLANG_WARN_OBJC_ROOT_CLASS = YES_ERROR;
				CLANG_WARN_UNREACHABLE_CODE = YES;
				CLANG_WARN__DUPLICATE_METHOD_MATCH = YES;
				"CODE_SIGN_IDENTITY[sdk=iphoneos*]" = "iPhone Developer";
				COPY_PHASE_STRIP = NO;
				DEBUG_INFORMATION_FORMAT = "dwarf-with-dsym";
				ENABLE_STRICT_OBJC_MSGSEND = YES;
				GCC_C_LANGUAGE_STANDARD = gnu99;
				GCC_DYNAMIC_NO_PIC = NO;
				GCC_NO_COMMON_BLOCKS = YES;
				GCC_OPTIMIZATION_LEVEL = 0;
				GCC_PREPROCESSOR_DEFINITIONS = (
					"DEBUG=1",
					"$(inherited)",
				);
				GCC_SYMBOLS_PRIVATE_EXTERN = NO;
				GCC_WARN_64_TO_32_BIT_CONVERSION = YES;
				GCC_WARN_ABOUT_RETURN_TYPE = YES_ERROR;
				GCC_WARN_UNDECLARED_SELECTOR = YES;
				GCC_WARN_UNINITIALIZED_AUTOS = YES_AGGRESSIVE;
				GCC_WARN_UNUSED_FUNCTION = YES;
				GCC_WARN_UNUSED_VARIABLE = YES;
				IPHONEOS_DEPLOYMENT_TARGET = 8.3;
				MTL_ENABLE_DEBUG_INFO = YES;
				ONLY_ACTIVE_ARCH = YES;
				SDKROOT = iphoneos;
				SWIFT_OPTIMIZATION_LEVEL = "-Onone";
				TARGETED_DEVICE_FAMILY = "1,2";
			};
			name = Debug;
		};
		41652F221B2059B000149125 /* Release */ = {
			isa = XCBuildConfiguration;
			buildSettings = {
				ALWAYS_SEARCH_USER_PATHS = NO;
				CLANG_CXX_LANGUAGE_STANDARD = "gnu++0x";
				CLANG_CXX_LIBRARY = "libc++";
				CLANG_ENABLE_MODULES = YES;
				CLANG_ENABLE_OBJC_ARC = YES;
				CLANG_WARN_BOOL_CONVERSION = YES;
				CLANG_WARN_CONSTANT_CONVERSION = YES;
				CLANG_WARN_DIRECT_OBJC_ISA_USAGE = YES_ERROR;
				CLANG_WARN_EMPTY_BODY = YES;
				CLANG_WARN_ENUM_CONVERSION = YES;
				CLANG_WARN_INT_CONVERSION = YES;
				CLANG_WARN_OBJC_ROOT_CLASS = YES_ERROR;
				CLANG_WARN_UNREACHABLE_CODE = YES;
				CLANG_WARN__DUPLICATE_METHOD_MATCH = YES;
				"CODE_SIGN_IDENTITY[sdk=iphoneos*]" = "iPhone Developer";
				COPY_PHASE_STRIP = NO;
				DEBUG_INFORMATION_FORMAT = "dwarf-with-dsym";
				ENABLE_NS_ASSERTIONS = NO;
				ENABLE_STRICT_OBJC_MSGSEND = YES;
				GCC_C_LANGUAGE_STANDARD = gnu99;
				GCC_NO_COMMON_BLOCKS = YES;
				GCC_WARN_64_TO_32_BIT_CONVERSION = YES;
				GCC_WARN_ABOUT_RETURN_TYPE = YES_ERROR;
				GCC_WARN_UNDECLARED_SELECTOR = YES;
				GCC_WARN_UNINITIALIZED_AUTOS = YES_AGGRESSIVE;
				GCC_WARN_UNUSED_FUNCTION = YES;
				GCC_WARN_UNUSED_VARIABLE = YES;
				IPHONEOS_DEPLOYMENT_TARGET = 8.3;
				MTL_ENABLE_DEBUG_INFO = NO;
				SDKROOT = iphoneos;
				TARGETED_DEVICE_FAMILY = "1,2";
				VALIDATE_PRODUCT = YES;
			};
			name = Release;
		};
		41652F241B2059B000149125 /* Debug */ = {
			isa = XCBuildConfiguration;
			buildSettings = {
				ASSETCATALOG_COMPILER_APPICON_NAME = AppIcon;
				INFOPLIST_FILE = SwiftDemo/Info.plist;
				LD_RUNPATH_SEARCH_PATHS = "$(inherited) @executable_path/Frameworks";
				PRODUCT_NAME = "$(TARGET_NAME)";
			};
			name = Debug;
		};
		41652F251B2059B000149125 /* Release */ = {
			isa = XCBuildConfiguration;
			buildSettings = {
				ASSETCATALOG_COMPILER_APPICON_NAME = AppIcon;
				INFOPLIST_FILE = SwiftDemo/Info.plist;
				LD_RUNPATH_SEARCH_PATHS = "$(inherited) @executable_path/Frameworks";
				PRODUCT_NAME = "$(TARGET_NAME)";
			};
			name = Release;
		};
		41652F271B2059B000149125 /* Debug */ = {
			isa = XCBuildConfiguration;
			buildSettings = {
				BUNDLE_LOADER = "$(TEST_HOST)";
				FRAMEWORK_SEARCH_PATHS = (
					"$(SDKROOT)/Developer/Library/Frameworks",
					"$(inherited)",
				);
				GCC_PREPROCESSOR_DEFINITIONS = (
					"DEBUG=1",
					"$(inherited)",
				);
				INFOPLIST_FILE = SwiftDemoTests/Info.plist;
				LD_RUNPATH_SEARCH_PATHS = "$(inherited) @executable_path/Frameworks @loader_path/Frameworks";
				PRODUCT_NAME = "$(TARGET_NAME)";
				TEST_HOST = "$(BUILT_PRODUCTS_DIR)/SwiftDemo.app/SwiftDemo";
			};
			name = Debug;
		};
		41652F281B2059B000149125 /* Release */ = {
			isa = XCBuildConfiguration;
			buildSettings = {
				BUNDLE_LOADER = "$(TEST_HOST)";
				FRAMEWORK_SEARCH_PATHS = (
					"$(SDKROOT)/Developer/Library/Frameworks",
					"$(inherited)",
				);
				INFOPLIST_FILE = SwiftDemoTests/Info.plist;
				LD_RUNPATH_SEARCH_PATHS = "$(inherited) @executable_path/Frameworks @loader_path/Frameworks";
				PRODUCT_NAME = "$(TARGET_NAME)";
				TEST_HOST = "$(BUILT_PRODUCTS_DIR)/SwiftDemo.app/SwiftDemo";
			};
			name = Release;
		};
/* End XCBuildConfiguration section */

/* Begin XCConfigurationList section */
		41652EFF1B2059AF00149125 /* Build configuration list for PBXProject "SwiftDemo" */ = {
			isa = XCConfigurationList;
			buildConfigurations = (
				41652F211B2059B000149125 /* Debug */,
				41652F221B2059B000149125 /* Release */,
			);
			defaultConfigurationIsVisible = 0;
			defaultConfigurationName = Release;
		};
		41652F231B2059B000149125 /* Build configuration list for PBXNativeTarget "SwiftDemo" */ = {
			isa = XCConfigurationList;
			buildConfigurations = (
				41652F241B2059B000149125 /* Debug */,
				41652F251B2059B000149125 /* Release */,
			);
			defaultConfigurationIsVisible = 0;
		};
		41652F261B2059B000149125 /* Build configuration list for PBXNativeTarget "SwiftDemoTests" */ = {
			isa = XCConfigurationList;
			buildConfigurations = (
				41652F271B2059B000149125 /* Debug */,
				41652F281B2059B000149125 /* Release */,
			);
			defaultConfigurationIsVisible = 0;
		};
/* End XCConfigurationList section */
	};
	rootObject = 41652EFC1B2059AF00149125 /* Project object */;
}
